{
  "name": "pixi-js",
  "version": "1.0.0",
  "lockfileVersion": 2,
  "requires": true,
  "packages": {
    "": {
      "name": "pixi-js",
      "version": "1.0.0",
      "license": "ISC",
      "dependencies": {
        "@pixi/graphics-extras": "^6.5.5",
        "pixi.js": "^6.5.5"
      },
      "devDependencies": {}
    },
    "node_modules/@pixi/accessibility": {
      "version": "6.5.5",
      "resolved": "https://registry.npmjs.org/@pixi/accessibility/-/accessibility-6.5.5.tgz",
      "integrity": "sha512-mDGDVkNCA1w28zzCT/8x2euxHX55y6ftdDte6FytBwHJHxTzfOKyS6GPqJNrXQB2muu1E/bySqzguiYy1gW/lw==",
      "peerDependencies": {
        "@pixi/core": "6.5.5",
        "@pixi/display": "6.5.5",
        "@pixi/utils": "6.5.5"
      }
    },
    "node_modules/@pixi/app": {
      "version": "6.5.5",
      "resolved": "https://registry.npmjs.org/@pixi/app/-/app-6.5.5.tgz",
      "integrity": "sha512-VW2kzgj/eNZqGaf+24eL5BGPTHlCDjCYVrKXuFPmPnj48ucUOOKdMQrA8ezmC3LDXsraavwhru8F+JPLUbRtzg==",
      "peerDependencies": {
        "@pixi/core": "6.5.5",
        "@pixi/display": "6.5.5"
      }
    },
    "node_modules/@pixi/compressed-textures": {
      "version": "6.5.5",
      "resolved": "https://registry.npmjs.org/@pixi/compressed-textures/-/compressed-textures-6.5.5.tgz",
      "integrity": "sha512-e6T1Kg1o9HLVMniSyHcpgtj2VWQV3cdDizIIvdQs7jbrtZCO5ouehViLP2PWm1ZD63hDj6nyVwmZGvkD7FgH1w==",
      "peerDependencies": {
        "@pixi/constants": "6.5.5",
        "@pixi/core": "6.5.5",
        "@pixi/loaders": "6.5.5",
        "@pixi/settings": "6.5.5",
        "@pixi/utils": "6.5.5"
      }
    },
    "node_modules/@pixi/constants": {
      "version": "6.5.5",
      "resolved": "https://registry.npmjs.org/@pixi/constants/-/constants-6.5.5.tgz",
      "integrity": "sha512-tuiN6aeMuQv77UHzGNeJiAUiOrt22dybZYrXAVLOF7mDG+zxT96r7R43DvqrWG3GuNh/VCKE5hQLGQybR21nBA=="
    },
    "node_modules/@pixi/core": {
      "version": "6.5.5",
      "resolved": "https://registry.npmjs.org/@pixi/core/-/core-6.5.5.tgz",
      "integrity": "sha512-Vdod5c5oByqBuqSQq+j+aiLtAUzFGQblCm9Awmuyjsu7Hygyh8080GeAduS4YuCIHEGz5aP9KS/KP92pM+m4Cg==",
      "dependencies": {
        "@types/offscreencanvas": "^2019.6.4"
      },
      "funding": {
        "type": "opencollective",
        "url": "https://opencollective.com/pixijs"
      },
      "peerDependencies": {
        "@pixi/constants": "6.5.5",
        "@pixi/extensions": "6.5.5",
        "@pixi/math": "6.5.5",
        "@pixi/runner": "6.5.5",
        "@pixi/settings": "6.5.5",
        "@pixi/ticker": "6.5.5",
        "@pixi/utils": "6.5.5"
      }
    },
    "node_modules/@pixi/display": {
      "version": "6.5.5",
      "resolved": "https://registry.npmjs.org/@pixi/display/-/display-6.5.5.tgz",
      "integrity": "sha512-+WnIR9+vrMc6fgdfOPvmsUIggwdAZvjZ0eX3uEEyS6mjFkZCcC8b0fjfpBaTq8dtWWs+sS7ZZqew9TzAlA9o1w==",
      "peerDependencies": {
        "@pixi/math": "6.5.5",
        "@pixi/settings": "6.5.5",
        "@pixi/utils": "6.5.5"
      }
    },
    "node_modules/@pixi/extensions": {
      "version": "6.5.5",
      "resolved": "https://registry.npmjs.org/@pixi/extensions/-/extensions-6.5.5.tgz",
      "integrity": "sha512-b85GH6xzh0SgPejLguCLBhq9zoq6gizW8Zwyb+W1s1Q+B6sP6LtAMeir3ZefiXT3nOakeUGEv7bLp76Aon3lyw=="
    },
    "node_modules/@pixi/extract": {
      "version": "6.5.5",
      "resolved": "https://registry.npmjs.org/@pixi/extract/-/extract-6.5.5.tgz",
      "integrity": "sha512-dlGS4BoMAQeMLv2HyfwvLWn4E5/YPuHF32CsclNWvm0A72y7qQYKBRzpQL3Yzo26uflCwNECbTwhcUXaQ3V2tg==",
      "peerDependencies": {
        "@pixi/core": "6.5.5",
        "@pixi/math": "6.5.5",
        "@pixi/utils": "6.5.5"
      }
    },
    "node_modules/@pixi/filter-alpha": {
      "version": "6.5.5",
      "resolved": "https://registry.npmjs.org/@pixi/filter-alpha/-/filter-alpha-6.5.5.tgz",
      "integrity": "sha512-voFl8Euf+amn6/iyNpEfKA7MUV1moylJVe28HBvMuyx5xHp7N/HlcJ2zh2LNxXH2nPu55E1oOWl69+5eYpP+9Q==",
      "peerDependencies": {
        "@pixi/core": "6.5.5"
      }
    },
    "node_modules/@pixi/filter-blur": {
      "version": "6.5.5",
      "resolved": "https://registry.npmjs.org/@pixi/filter-blur/-/filter-blur-6.5.5.tgz",
      "integrity": "sha512-Xu0593Fu463VBk730x0RxnoVPmYhMV16izjCv8E2VVOFG357yUECHuPsc0L+/LCCjT53wxa3JOzNTJVUJ4HjSg==",
      "peerDependencies": {
        "@pixi/core": "6.5.5",
        "@pixi/settings": "6.5.5"
      }
    },
    "node_modules/@pixi/filter-color-matrix": {
      "version": "6.5.5",
      "resolved": "https://registry.npmjs.org/@pixi/filter-color-matrix/-/filter-color-matrix-6.5.5.tgz",
      "integrity": "sha512-NGAZ11mwYegovolym0Iw/i/Tg0aXkRW1nhZMe/5AnWYg81tDpBeUfJkHXErLBZO1Kx7+8EJzMpMv3oEhSYvrug==",
      "peerDependencies": {
        "@pixi/core": "6.5.5"
      }
    },
    "node_modules/@pixi/filter-displacement": {
      "version": "6.5.5",
      "resolved": "https://registry.npmjs.org/@pixi/filter-displacement/-/filter-displacement-6.5.5.tgz",
      "integrity": "sha512-GfmsdZmFFSlcBapUp2ElaIJE1Sy14RdxdqTA7PV72U2RL2gzBSD7rOasBoWynkPv3ILsVMGVleuuRitjPhRBDw==",
      "peerDependencies": {
        "@pixi/core": "6.5.5",
        "@pixi/math": "6.5.5"
      }
    },
    "node_modules/@pixi/filter-fxaa": {
      "version": "6.5.5",
      "resolved": "https://registry.npmjs.org/@pixi/filter-fxaa/-/filter-fxaa-6.5.5.tgz",
      "integrity": "sha512-luW5Rhu9i0FdC2+L+dc/dMf4ImC+yG4CdIuK9zgXwYGb6WLyCuEXI5fhdrpdYU9SmTfdwa5eNWqO0mXplJBAig==",
      "peerDependencies": {
        "@pixi/core": "6.5.5"
      }
    },
    "node_modules/@pixi/filter-noise": {
      "version": "6.5.5",
      "resolved": "https://registry.npmjs.org/@pixi/filter-noise/-/filter-noise-6.5.5.tgz",
      "integrity": "sha512-3ttFuNfMim+Fd7ccZF69UAPnMsF+5AivX6i1V8WUj75Ei/Fq6JQK+PPbZ2FQQHOYa1e1B6Ej4uvNCkSXs87/UA==",
      "peerDependencies": {
        "@pixi/core": "6.5.5"
      }
    },
    "node_modules/@pixi/graphics": {
      "version": "6.5.5",
      "resolved": "https://registry.npmjs.org/@pixi/graphics/-/graphics-6.5.5.tgz",
      "integrity": "sha512-gBhznqpNv5IX7exnq3dgdjGaGfyi9quIFnjMC2pBihSJLc+WokM00rhRxz6IfNknDBQG0vkTXkc0WOPbVlt9Nw==",
      "peerDependencies": {
        "@pixi/constants": "6.5.5",
        "@pixi/core": "6.5.5",
        "@pixi/display": "6.5.5",
        "@pixi/math": "6.5.5",
        "@pixi/sprite": "6.5.5",
        "@pixi/utils": "6.5.5"
      }
    },
    "node_modules/@pixi/graphics-extras": {
      "version": "6.5.5",
      "resolved": "https://registry.npmjs.org/@pixi/graphics-extras/-/graphics-extras-6.5.5.tgz",
      "integrity": "sha512-XJo2UEuv8eyV61BzBPHtHThPSKqRRsNeRldPlZpsBQj7rhXPiS9IgpolDPAAovyke4hSA1m6JGaUdcgoG2Bpmw==",
      "peerDependencies": {
        "@pixi/graphics": "6.5.5",
        "@pixi/math": "6.5.5"
      }
    },
    "node_modules/@pixi/interaction": {
      "version": "6.5.5",
      "resolved": "https://registry.npmjs.org/@pixi/interaction/-/interaction-6.5.5.tgz",
      "integrity": "sha512-YARy4jeU8EbDQSqtDUguMwQS/wPZjFDAKpuOyraF+DeSN+21+hTRcU3YR4Cq2gqb74uBr5ods4fN9BevyaBjcw==",
      "peerDependencies": {
        "@pixi/core": "6.5.5",
        "@pixi/display": "6.5.5",
        "@pixi/math": "6.5.5",
        "@pixi/ticker": "6.5.5",
        "@pixi/utils": "6.5.5"
      }
    },
    "node_modules/@pixi/loaders": {
      "version": "6.5.5",
      "resolved": "https://registry.npmjs.org/@pixi/loaders/-/loaders-6.5.5.tgz",
      "integrity": "sha512-fFvdXYh5ije/pHi4XghF3lF71F/ng/yE2+V3n8w/i7SpYI/CDmwjgfbVNtMJ4LaflJAyPcF8NF7r+eKr/1vDFQ==",
      "peerDependencies": {
        "@pixi/constants": "6.5.5",
        "@pixi/core": "6.5.5",
        "@pixi/utils": "6.5.5"
      }
    },
    "node_modules/@pixi/math": {
      "version": "6.5.5",
      "resolved": "https://registry.npmjs.org/@pixi/math/-/math-6.5.5.tgz",
      "integrity": "sha512-3Y8mfcPjmhIBlcUPTlQXuBBl+cyKWHp2mdXtJg3+E72poO0wTnW175oi38alxSgfKE4jZIDtoUaUoAAuJxmMoA=="
    },
    "node_modules/@pixi/mesh": {
      "version": "6.5.5",
      "resolved": "https://registry.npmjs.org/@pixi/mesh/-/mesh-6.5.5.tgz",
      "integrity": "sha512-IdI8+jIggDoYSCwdxFQqWekWt5eKvL0kFmrseEIABe3HdHBOuROCz2xTXffqdy9RznsbFSRkmpgiO9fZWibzOg==",
      "peerDependencies": {
        "@pixi/constants": "6.5.5",
        "@pixi/core": "6.5.5",
        "@pixi/display": "6.5.5",
        "@pixi/math": "6.5.5",
        "@pixi/settings": "6.5.5",
        "@pixi/utils": "6.5.5"
      }
    },
    "node_modules/@pixi/mesh-extras": {
      "version": "6.5.5",
      "resolved": "https://registry.npmjs.org/@pixi/mesh-extras/-/mesh-extras-6.5.5.tgz",
      "integrity": "sha512-j0shm5Sbn1OvtBDQ56uSc6vYkkRXSVrYr7ywSNY05/0yE3cbLWiuA8ZC7fd5iLbDCxvgl3QaYwtz2ao9V8Sn9A==",
      "peerDependencies": {
        "@pixi/constants": "6.5.5",
        "@pixi/core": "6.5.5",
        "@pixi/math": "6.5.5",
        "@pixi/mesh": "6.5.5",
        "@pixi/utils": "6.5.5"
      }
    },
    "node_modules/@pixi/mixin-cache-as-bitmap": {
      "version": "6.5.5",
      "resolved": "https://registry.npmjs.org/@pixi/mixin-cache-as-bitmap/-/mixin-cache-as-bitmap-6.5.5.tgz",
      "integrity": "sha512-rlHW5IbJV6aUhiQpDDjUBtlR5Fn+LhJjpHWHmeurhFMyMFNFGm6BNLfAIoxUe6VMm6oZOYOB6y3MNcAZeg+fXg==",
      "peerDependencies": {
        "@pixi/core": "6.5.5",
        "@pixi/display": "6.5.5",
        "@pixi/math": "6.5.5",
        "@pixi/settings": "6.5.5",
        "@pixi/sprite": "6.5.5",
        "@pixi/utils": "6.5.5"
      }
    },
    "node_modules/@pixi/mixin-get-child-by-name": {
      "version": "6.5.5",
      "resolved": "https://registry.npmjs.org/@pixi/mixin-get-child-by-name/-/mixin-get-child-by-name-6.5.5.tgz",
      "integrity": "sha512-Oz/6wCmJQqPwI8W0Cs7b0QGjCcQtI7THStkm5TlqcQS7quyAnRsaaZ9yh7BPLnZnaVGXaFZ0+WmYAoc0FCc9Lw==",
      "peerDependencies": {
        "@pixi/display": "6.5.5"
      }
    },
    "node_modules/@pixi/mixin-get-global-position": {
      "version": "6.5.5",
      "resolved": "https://registry.npmjs.org/@pixi/mixin-get-global-position/-/mixin-get-global-position-6.5.5.tgz",
      "integrity": "sha512-8fftShp18r/imrgAcaL441VegywrX1rOX/XaYa5EU2pUXi37WRBmn5q3HKY0K/SV0d+EduzDQsdxzFkNuG82Zw==",
      "peerDependencies": {
        "@pixi/display": "6.5.5",
        "@pixi/math": "6.5.5"
      }
    },
    "node_modules/@pixi/particle-container": {
      "version": "6.5.5",
      "resolved": "https://registry.npmjs.org/@pixi/particle-container/-/particle-container-6.5.5.tgz",
      "integrity": "sha512-2r/YD1ilSML3BGBPeL08IW6wwqy201xRRQuOV+/AIDFOy4CXbGhoA2hEP9AvNr3DDCPApM53BECppjcihPyMEA==",
      "peerDependencies": {
        "@pixi/constants": "6.5.5",
        "@pixi/core": "6.5.5",
        "@pixi/display": "6.5.5",
        "@pixi/math": "6.5.5",
        "@pixi/sprite": "6.5.5",
        "@pixi/utils": "6.5.5"
      }
    },
    "node_modules/@pixi/polyfill": {
      "version": "6.5.5",
      "resolved": "https://registry.npmjs.org/@pixi/polyfill/-/polyfill-6.5.5.tgz",
      "integrity": "sha512-hyOs05hw191uizq5PNRNfO3xgZu5N0lRdaGJi72gvNX2N16pHnjpruazx/ae4eoS3H242+W4N63CvfxJ16ezyg==",
      "dependencies": {
        "object-assign": "^4.1.1",
        "promise-polyfill": "^8.2.0"
      }
    },
    "node_modules/@pixi/prepare": {
      "version": "6.5.5",
      "resolved": "https://registry.npmjs.org/@pixi/prepare/-/prepare-6.5.5.tgz",
      "integrity": "sha512-IXPjIP8xtGkwOhrAxPcxRPvj9wdeA007QDZcDie1ufHOJhHPvB1ryfT1jtEMSF7xPQ/F8589UVgDM+hY8Ij/Qg==",
      "peerDependencies": {
        "@pixi/core": "6.5.5",
        "@pixi/display": "6.5.5",
        "@pixi/graphics": "6.5.5",
        "@pixi/settings": "6.5.5",
        "@pixi/text": "6.5.5",
        "@pixi/ticker": "6.5.5",
        "@pixi/utils": "6.5.5"
      }
    },
    "node_modules/@pixi/runner": {
      "version": "6.5.5",
      "resolved": "https://registry.npmjs.org/@pixi/runner/-/runner-6.5.5.tgz",
      "integrity": "sha512-IrfkNSgFTMnzO3zbPIYTsRPETu3s9mEGIyjAu34OShrg7GxgLtXjV9H04ssqkIONsQ73idnwm9/s6pT5lNFZ1Q=="
    },
    "node_modules/@pixi/settings": {
      "version": "6.5.5",
      "resolved": "https://registry.npmjs.org/@pixi/settings/-/settings-6.5.5.tgz",
      "integrity": "sha512-U6xeE9Ri10Rm0Ttjhxc0vc2Qzu2NhB9j/YjvO5NwtW6Adx1SsGz71Pgmebt/FoR4OKU4rtDnRKZOfem7LCFoCA=="
    },
    "node_modules/@pixi/sprite": {
      "version": "6.5.5",
      "resolved": "https://registry.npmjs.org/@pixi/sprite/-/sprite-6.5.5.tgz",
      "integrity": "sha512-s8T5D4zoDgj9DWnPGSHoMwJ4uLs9CDp9cgfzTOhwIirqTeoajpywfNFS5RAFAyVCdh4ltSG2oujP8a86eWF0+A==",
      "peerDependencies": {
        "@pixi/constants": "6.5.5",
        "@pixi/core": "6.5.5",
        "@pixi/display": "6.5.5",
        "@pixi/math": "6.5.5",
        "@pixi/settings": "6.5.5",
        "@pixi/utils": "6.5.5"
      }
    },
    "node_modules/@pixi/sprite-animated": {
      "version": "6.5.5",
      "resolved": "https://registry.npmjs.org/@pixi/sprite-animated/-/sprite-animated-6.5.5.tgz",
      "integrity": "sha512-pvjeOkMrlbvKKO4ZDRKdO97ZKt2LUfLNUCfjU+PyEgJww/6vWeY9IQj89fc2QXGPOYIGrZeT8AuYqPCtJMktHw==",
      "peerDependencies": {
        "@pixi/core": "6.5.5",
        "@pixi/sprite": "6.5.5",
        "@pixi/ticker": "6.5.5"
      }
    },
    "node_modules/@pixi/sprite-tiling": {
      "version": "6.5.5",
      "resolved": "https://registry.npmjs.org/@pixi/sprite-tiling/-/sprite-tiling-6.5.5.tgz",
      "integrity": "sha512-noxIGDvsq5tmINElqjcCnfFofY5CRTWOgLPyL9vI2zk1QhTBW5T/XHENoWFWyuCZgFkEdI1BcO1Yug0q6u+OgQ==",
      "peerDependencies": {
        "@pixi/constants": "6.5.5",
        "@pixi/core": "6.5.5",
        "@pixi/display": "6.5.5",
        "@pixi/math": "6.5.5",
        "@pixi/sprite": "6.5.5",
        "@pixi/utils": "6.5.5"
      }
    },
    "node_modules/@pixi/spritesheet": {
      "version": "6.5.5",
      "resolved": "https://registry.npmjs.org/@pixi/spritesheet/-/spritesheet-6.5.5.tgz",
      "integrity": "sha512-LCfR1iVYSh0pJUM+PDP/FcP45AV6II3zkt8ojtHHcgsDN1qeggbmIEJ/ohvSMLSpKcLHYXv984wu0wp/fB6NdA==",
      "peerDependencies": {
        "@pixi/core": "6.5.5",
        "@pixi/loaders": "6.5.5",
        "@pixi/math": "6.5.5",
        "@pixi/utils": "6.5.5"
      }
    },
    "node_modules/@pixi/text": {
      "version": "6.5.5",
      "resolved": "https://registry.npmjs.org/@pixi/text/-/text-6.5.5.tgz",
      "integrity": "sha512-u33ESpNqtZ4IaBiQkq5BT2KeQYcqokfr5VNatYXIMO8jbHktm0Lwqca9pdr+GhS2/DUyyiRfCmNaPHoabjPo6Q==",
      "peerDependencies": {
        "@pixi/core": "6.5.5",
        "@pixi/math": "6.5.5",
        "@pixi/settings": "6.5.5",
        "@pixi/sprite": "6.5.5",
        "@pixi/utils": "6.5.5"
      }
    },
    "node_modules/@pixi/text-bitmap": {
      "version": "6.5.5",
      "resolved": "https://registry.npmjs.org/@pixi/text-bitmap/-/text-bitmap-6.5.5.tgz",
      "integrity": "sha512-nMi7lb3sYAnPPZ9jF/DxmOo0rjh8/Xmc0YYslagvqFJSlowcF+N9HjMOO5WKyP1OBa/gGrpwrLp9FTmdV4T+MQ==",
      "peerDependencies": {
        "@pixi/constants": "6.5.5",
        "@pixi/core": "6.5.5",
        "@pixi/display": "6.5.5",
        "@pixi/loaders": "6.5.5",
        "@pixi/math": "6.5.5",
        "@pixi/mesh": "6.5.5",
        "@pixi/settings": "6.5.5",
        "@pixi/text": "6.5.5",
        "@pixi/utils": "6.5.5"
      }
    },
    "node_modules/@pixi/ticker": {
      "version": "6.5.5",
      "resolved": "https://registry.npmjs.org/@pixi/ticker/-/ticker-6.5.5.tgz",
      "integrity": "sha512-S/LALaHQJTldEpFqgAUgi/fc6/XnDUg5k0DXJLfWT2p1hzuo8q009Izpi/wxd4hPZiOlViQtWyrstjMtrQz2AQ==",
      "peerDependencies": {
        "@pixi/extensions": "6.5.5",
        "@pixi/settings": "6.5.5"
      }
    },
    "node_modules/@pixi/utils": {
      "version": "6.5.5",
      "resolved": "https://registry.npmjs.org/@pixi/utils/-/utils-6.5.5.tgz",
      "integrity": "sha512-QtcRR+/Y/F49rQ1vVLsc6dMoLLyLTIJxHDSHxYvlGpQWZG+mRvaWYPZZwFgjdCKzzft1RiwkXI2vL4Zxqfg9CQ==",
      "dependencies": {
        "@types/earcut": "^2.1.0",
        "earcut": "^2.2.4",
        "eventemitter3": "^3.1.0",
        "url": "^0.11.0"
      },
      "peerDependencies": {
        "@pixi/constants": "6.5.5",
        "@pixi/settings": "6.5.5"
      }
    },
    "node_modules/@types/earcut": {
      "version": "2.1.1",
      "resolved": "https://registry.npmjs.org/@types/earcut/-/earcut-2.1.1.tgz",
      "integrity": "sha512-w8oigUCDjElRHRRrMvn/spybSMyX8MTkKA5Dv+tS1IE/TgmNZPqUYtvYBXGY8cieSE66gm+szeK+bnbxC2xHTQ=="
    },
    "node_modules/@types/offscreencanvas": {
      "version": "2019.7.0",
      "resolved": "https://registry.npmjs.org/@types/offscreencanvas/-/offscreencanvas-2019.7.0.tgz",
      "integrity": "sha512-PGcyveRIpL1XIqK8eBsmRBt76eFgtzuPiSTyKHZxnGemp2yzGzWpjYKAfK3wIMiU7eH+851yEpiuP8JZerTmWg=="
    },
    "node_modules/earcut": {
      "version": "2.2.4",
      "resolved": "https://registry.npmjs.org/earcut/-/earcut-2.2.4.tgz",
      "integrity": "sha512-/pjZsA1b4RPHbeWZQn66SWS8nZZWLQQ23oE3Eam7aroEFGEvwKAsJfZ9ytiEMycfzXWpca4FA9QIOehf7PocBQ=="
    },
    "node_modules/eventemitter3": {
      "version": "3.1.2",
      "resolved": "https://registry.npmjs.org/eventemitter3/-/eventemitter3-3.1.2.tgz",
      "integrity": "sha512-tvtQIeLVHjDkJYnzf2dgVMxfuSGJeM/7UCG17TT4EumTfNtF+0nebF/4zWOIkCreAbtNqhGEboB6BWrwqNaw4Q=="
    },
    "node_modules/object-assign": {
      "version": "4.1.1",
      "resolved": "https://registry.npmjs.org/object-assign/-/object-assign-4.1.1.tgz",
      "integrity": "sha512-rJgTQnkUnH1sFw8yT6VSU3zD3sWmu6sZhIseY8VX+GRu3P6F7Fu+JNDoXfklElbLJSnc3FUQHVe4cU5hj+BcUg==",
      "engines": {
        "node": ">=0.10.0"
      }
    },
    "node_modules/pixi.js": {
      "version": "6.5.5",
      "resolved": "https://registry.npmjs.org/pixi.js/-/pixi.js-6.5.5.tgz",
      "integrity": "sha512-SfvUFl0RNnuELbU4IschzWGPSP1yRidEffQlbHnsXY1xvaCE7MG5snQzlufzAyiyiwRID1I5plSKtVjNvZfk9Q==",
      "dependencies": {
        "@pixi/accessibility": "6.5.5",
        "@pixi/app": "6.5.5",
        "@pixi/compressed-textures": "6.5.5",
        "@pixi/constants": "6.5.5",
        "@pixi/core": "6.5.5",
        "@pixi/display": "6.5.5",
        "@pixi/extensions": "6.5.5",
        "@pixi/extract": "6.5.5",
        "@pixi/filter-alpha": "6.5.5",
        "@pixi/filter-blur": "6.5.5",
        "@pixi/filter-color-matrix": "6.5.5",
        "@pixi/filter-displacement": "6.5.5",
        "@pixi/filter-fxaa": "6.5.5",
        "@pixi/filter-noise": "6.5.5",
        "@pixi/graphics": "6.5.5",
        "@pixi/interaction": "6.5.5",
        "@pixi/loaders": "6.5.5",
        "@pixi/math": "6.5.5",
        "@pixi/mesh": "6.5.5",
        "@pixi/mesh-extras": "6.5.5",
        "@pixi/mixin-cache-as-bitmap": "6.5.5",
        "@pixi/mixin-get-child-by-name": "6.5.5",
        "@pixi/mixin-get-global-position": "6.5.5",
        "@pixi/particle-container": "6.5.5",
        "@pixi/polyfill": "6.5.5",
        "@pixi/prepare": "6.5.5",
        "@pixi/runner": "6.5.5",
        "@pixi/settings": "6.5.5",
        "@pixi/sprite": "6.5.5",
        "@pixi/sprite-animated": "6.5.5",
        "@pixi/sprite-tiling": "6.5.5",
        "@pixi/spritesheet": "6.5.5",
        "@pixi/text": "6.5.5",
        "@pixi/text-bitmap": "6.5.5",
        "@pixi/ticker": "6.5.5",
        "@pixi/utils": "6.5.5"
      },
      "funding": {
        "type": "opencollective",
        "url": "https://opencollective.com/pixijs"
      }
    },
    "node_modules/promise-polyfill": {
      "version": "8.2.3",
      "resolved": "https://registry.npmjs.org/promise-polyfill/-/promise-polyfill-8.2.3.tgz",
      "integrity": "sha512-Og0+jCRQetV84U8wVjMNccfGCnMQ9mGs9Hv78QFe+pSDD3gWTpz0y+1QCuxy5d/vBFuZ3iwP2eycAkvqIMPmWg=="
    },
    "node_modules/punycode": {
      "version": "1.3.2",
      "resolved": "https://registry.npmjs.org/punycode/-/punycode-1.3.2.tgz",
      "integrity": "sha512-RofWgt/7fL5wP1Y7fxE7/EmTLzQVnB0ycyibJ0OOHIlJqTNzglYFxVwETOcIoJqJmpDXJ9xImDv+Fq34F/d4Dw=="
    },
    "node_modules/querystring": {
      "version": "0.2.0",
      "resolved": "https://registry.npmjs.org/querystring/-/querystring-0.2.0.tgz",
      "integrity": "sha512-X/xY82scca2tau62i9mDyU9K+I+djTMUsvwf7xnUX5GLvVzgJybOJf4Y6o9Zx3oJK/LSXg5tTZBjwzqVPaPO2g==",
      "deprecated": "The querystring API is considered Legacy. new code should use the URLSearchParams API instead.",
      "engines": {
        "node": ">=0.4.x"
      }
    },
    "node_modules/url": {
      "version": "0.11.0",
      "resolved": "https://registry.npmjs.org/url/-/url-0.11.0.tgz",
      "integrity": "sha512-kbailJa29QrtXnxgq+DdCEGlbTeYM2eJUxsz6vjZavrCYPMIFHMKQmSKYAIuUK2i7hgPm28a8piX5NTUtM/LKQ==",
      "dependencies": {
        "punycode": "1.3.2",
        "querystring": "0.2.0"
      }
    }
  },
  "dependencies": {
    "@pixi/accessibility": {
      "version": "6.5.5",
      "resolved": "https://registry.npmjs.org/@pixi/accessibility/-/accessibility-6.5.5.tgz",
      "integrity": "sha512-mDGDVkNCA1w28zzCT/8x2euxHX55y6ftdDte6FytBwHJHxTzfOKyS6GPqJNrXQB2muu1E/bySqzguiYy1gW/lw==",
      "requires": {}
    },
    "@pixi/app": {
      "version": "6.5.5",
      "resolved": "https://registry.npmjs.org/@pixi/app/-/app-6.5.5.tgz",
      "integrity": "sha512-VW2kzgj/eNZqGaf+24eL5BGPTHlCDjCYVrKXuFPmPnj48ucUOOKdMQrA8ezmC3LDXsraavwhru8F+JPLUbRtzg==",
      "requires": {}
    },
    "@pixi/compressed-textures": {
      "version": "6.5.5",
      "resolved": "https://registry.npmjs.org/@pixi/compressed-textures/-/compressed-textures-6.5.5.tgz",
      "integrity": "sha512-e6T1Kg1o9HLVMniSyHcpgtj2VWQV3cdDizIIvdQs7jbrtZCO5ouehViLP2PWm1ZD63hDj6nyVwmZGvkD7FgH1w==",
      "requires": {}
    },
    "@pixi/constants": {
      "version": "6.5.5",
      "resolved": "https://registry.npmjs.org/@pixi/constants/-/constants-6.5.5.tgz",
      "integrity": "sha512-tuiN6aeMuQv77UHzGNeJiAUiOrt22dybZYrXAVLOF7mDG+zxT96r7R43DvqrWG3GuNh/VCKE5hQLGQybR21nBA=="
    },
    "@pixi/core": {
      "version": "6.5.5",
      "resolved": "https://registry.npmjs.org/@pixi/core/-/core-6.5.5.tgz",
      "integrity": "sha512-Vdod5c5oByqBuqSQq+j+aiLtAUzFGQblCm9Awmuyjsu7Hygyh8080GeAduS4YuCIHEGz5aP9KS/KP92pM+m4Cg==",
      "requires": {
        "@types/offscreencanvas": "^2019.6.4"
      }
    },
    "@pixi/display": {
      "version": "6.5.5",
      "resolved": "https://registry.npmjs.org/@pixi/display/-/display-6.5.5.tgz",
      "integrity": "sha512-+WnIR9+vrMc6fgdfOPvmsUIggwdAZvjZ0eX3uEEyS6mjFkZCcC8b0fjfpBaTq8dtWWs+sS7ZZqew9TzAlA9o1w==",
      "requires": {}
    },
    "@pixi/extensions": {
      "version": "6.5.5",
      "resolved": "https://registry.npmjs.org/@pixi/extensions/-/extensions-6.5.5.tgz",
      "integrity": "sha512-b85GH6xzh0SgPejLguCLBhq9zoq6gizW8Zwyb+W1s1Q+B6sP6LtAMeir3ZefiXT3nOakeUGEv7bLp76Aon3lyw=="
    },
    "@pixi/extract": {
      "version": "6.5.5",
      "resolved": "https://registry.npmjs.org/@pixi/extract/-/extract-6.5.5.tgz",
      "integrity": "sha512-dlGS4BoMAQeMLv2HyfwvLWn4E5/YPuHF32CsclNWvm0A72y7qQYKBRzpQL3Yzo26uflCwNECbTwhcUXaQ3V2tg==",
      "requires": {}
    },
    "@pixi/filter-alpha": {
      "version": "6.5.5",
      "resolved": "https://registry.npmjs.org/@pixi/filter-alpha/-/filter-alpha-6.5.5.tgz",
      "integrity": "sha512-voFl8Euf+amn6/iyNpEfKA7MUV1moylJVe28HBvMuyx5xHp7N/HlcJ2zh2LNxXH2nPu55E1oOWl69+5eYpP+9Q==",
      "requires": {}
    },
    "@pixi/filter-blur": {
      "version": "6.5.5",
      "resolved": "https://registry.npmjs.org/@pixi/filter-blur/-/filter-blur-6.5.5.tgz",
      "integrity": "sha512-Xu0593Fu463VBk730x0RxnoVPmYhMV16izjCv8E2VVOFG357yUECHuPsc0L+/LCCjT53wxa3JOzNTJVUJ4HjSg==",
      "requires": {}
    },
    "@pixi/filter-color-matrix": {
      "version": "6.5.5",
      "resolved": "https://registry.npmjs.org/@pixi/filter-color-matrix/-/filter-color-matrix-6.5.5.tgz",
      "integrity": "sha512-NGAZ11mwYegovolym0Iw/i/Tg0aXkRW1nhZMe/5AnWYg81tDpBeUfJkHXErLBZO1Kx7+8EJzMpMv3oEhSYvrug==",
      "requires": {}
    },
    "@pixi/filter-displacement": {
      "version": "6.5.5",
      "resolved": "https://registry.npmjs.org/@pixi/filter-displacement/-/filter-displacement-6.5.5.tgz",
      "integrity": "sha512-GfmsdZmFFSlcBapUp2ElaIJE1Sy14RdxdqTA7PV72U2RL2gzBSD7rOasBoWynkPv3ILsVMGVleuuRitjPhRBDw==",
      "requires": {}
    },
    "@pixi/filter-fxaa": {
      "version": "6.5.5",
      "resolved": "https://registry.npmjs.org/@pixi/filter-fxaa/-/filter-fxaa-6.5.5.tgz",
      "integrity": "sha512-luW5Rhu9i0FdC2+L+dc/dMf4ImC+yG4CdIuK9zgXwYGb6WLyCuEXI5fhdrpdYU9SmTfdwa5eNWqO0mXplJBAig==",
      "requires": {}
    },
    "@pixi/filter-noise": {
      "version": "6.5.5",
      "resolved": "https://registry.npmjs.org/@pixi/filter-noise/-/filter-noise-6.5.5.tgz",
      "integrity": "sha512-3ttFuNfMim+Fd7ccZF69UAPnMsF+5AivX6i1V8WUj75Ei/Fq6JQK+PPbZ2FQQHOYa1e1B6Ej4uvNCkSXs87/UA==",
      "requires": {}
    },
    "@pixi/graphics": {
      "version": "6.5.5",
      "resolved": "https://registry.npmjs.org/@pixi/graphics/-/graphics-6.5.5.tgz",
      "integrity": "sha512-gBhznqpNv5IX7exnq3dgdjGaGfyi9quIFnjMC2pBihSJLc+WokM00rhRxz6IfNknDBQG0vkTXkc0WOPbVlt9Nw==",
      "requires": {}
    },
    "@pixi/graphics-extras": {
      "version": "6.5.5",
      "resolved": "https://registry.npmjs.org/@pixi/graphics-extras/-/graphics-extras-6.5.5.tgz",
      "integrity": "sha512-XJo2UEuv8eyV61BzBPHtHThPSKqRRsNeRldPlZpsBQj7rhXPiS9IgpolDPAAovyke4hSA1m6JGaUdcgoG2Bpmw==",
      "requires": {}
    },
    "@pixi/interaction": {
      "version": "6.5.5",
      "resolved": "https://registry.npmjs.org/@pixi/interaction/-/interaction-6.5.5.tgz",
      "integrity": "sha512-YARy4jeU8EbDQSqtDUguMwQS/wPZjFDAKpuOyraF+DeSN+21+hTRcU3YR4Cq2gqb74uBr5ods4fN9BevyaBjcw==",
      "requires": {}
    },
    "@pixi/loaders": {
      "version": "6.5.5",
      "resolved": "https://registry.npmjs.org/@pixi/loaders/-/loaders-6.5.5.tgz",
      "integrity": "sha512-fFvdXYh5ije/pHi4XghF3lF71F/ng/yE2+V3n8w/i7SpYI/CDmwjgfbVNtMJ4LaflJAyPcF8NF7r+eKr/1vDFQ==",
      "requires": {}
    },
    "@pixi/math": {
      "version": "6.5.5",
      "resolved": "https://registry.npmjs.org/@pixi/math/-/math-6.5.5.tgz",
      "integrity": "sha512-3Y8mfcPjmhIBlcUPTlQXuBBl+cyKWHp2mdXtJg3+E72poO0wTnW175oi38alxSgfKE4jZIDtoUaUoAAuJxmMoA=="
    },
    "@pixi/mesh": {
      "version": "6.5.5",
      "resolved": "https://registry.npmjs.org/@pixi/mesh/-/mesh-6.5.5.tgz",
      "integrity": "sha512-IdI8+jIggDoYSCwdxFQqWekWt5eKvL0kFmrseEIABe3HdHBOuROCz2xTXffqdy9RznsbFSRkmpgiO9fZWibzOg==",
      "requires": {}
    },
    "@pixi/mesh-extras": {
      "version": "6.5.5",
      "resolved": "https://registry.npmjs.org/@pixi/mesh-extras/-/mesh-extras-6.5.5.tgz",
      "integrity": "sha512-j0shm5Sbn1OvtBDQ56uSc6vYkkRXSVrYr7ywSNY05/0yE3cbLWiuA8ZC7fd5iLbDCxvgl3QaYwtz2ao9V8Sn9A==",
      "requires": {}
    },
    "@pixi/mixin-cache-as-bitmap": {
      "version": "6.5.5",
      "resolved": "https://registry.npmjs.org/@pixi/mixin-cache-as-bitmap/-/mixin-cache-as-bitmap-6.5.5.tgz",
      "integrity": "sha512-rlHW5IbJV6aUhiQpDDjUBtlR5Fn+LhJjpHWHmeurhFMyMFNFGm6BNLfAIoxUe6VMm6oZOYOB6y3MNcAZeg+fXg==",
      "requires": {}
    },
    "@pixi/mixin-get-child-by-name": {
      "version": "6.5.5",
      "resolved": "https://registry.npmjs.org/@pixi/mixin-get-child-by-name/-/mixin-get-child-by-name-6.5.5.tgz",
      "integrity": "sha512-Oz/6wCmJQqPwI8W0Cs7b0QGjCcQtI7THStkm5TlqcQS7quyAnRsaaZ9yh7BPLnZnaVGXaFZ0+WmYAoc0FCc9Lw==",
      "requires": {}
    },
    "@pixi/mixin-get-global-position": {
      "version": "6.5.5",
      "resolved": "https://registry.npmjs.org/@pixi/mixin-get-global-position/-/mixin-get-global-position-6.5.5.tgz",
      "integrity": "sha512-8fftShp18r/imrgAcaL441VegywrX1rOX/XaYa5EU2pUXi37WRBmn5q3HKY0K/SV0d+EduzDQsdxzFkNuG82Zw==",
      "requires": {}
    },
    "@pixi/particle-container": {
      "version": "6.5.5",
      "resolved": "https://registry.npmjs.org/@pixi/particle-container/-/particle-container-6.5.5.tgz",
      "integrity": "sha512-2r/YD1ilSML3BGBPeL08IW6wwqy201xRRQuOV+/AIDFOy4CXbGhoA2hEP9AvNr3DDCPApM53BECppjcihPyMEA==",
      "requires": {}
    },
    "@pixi/polyfill": {
      "version": "6.5.5",
      "resolved": "https://registry.npmjs.org/@pixi/polyfill/-/polyfill-6.5.5.tgz",
      "integrity": "sha512-hyOs05hw191uizq5PNRNfO3xgZu5N0lRdaGJi72gvNX2N16pHnjpruazx/ae4eoS3H242+W4N63CvfxJ16ezyg==",
      "requires": {
        "object-assign": "^4.1.1",
        "promise-polyfill": "^8.2.0"
      }
    },
    "@pixi/prepare": {
      "version": "6.5.5",
      "resolved": "https://registry.npmjs.org/@pixi/prepare/-/prepare-6.5.5.tgz",
      "integrity": "sha512-IXPjIP8xtGkwOhrAxPcxRPvj9wdeA007QDZcDie1ufHOJhHPvB1ryfT1jtEMSF7xPQ/F8589UVgDM+hY8Ij/Qg==",
      "requires": {}
    },
    "@pixi/runner": {
      "version": "6.5.5",
      "resolved": "https://registry.npmjs.org/@pixi/runner/-/runner-6.5.5.tgz",
      "integrity": "sha512-IrfkNSgFTMnzO3zbPIYTsRPETu3s9mEGIyjAu34OShrg7GxgLtXjV9H04ssqkIONsQ73idnwm9/s6pT5lNFZ1Q=="
    },
    "@pixi/settings": {
      "version": "6.5.5",
      "resolved": "https://registry.npmjs.org/@pixi/settings/-/settings-6.5.5.tgz",
      "integrity": "sha512-U6xeE9Ri10Rm0Ttjhxc0vc2Qzu2NhB9j/YjvO5NwtW6Adx1SsGz71Pgmebt/FoR4OKU4rtDnRKZOfem7LCFoCA=="
    },
    "@pixi/sprite": {
      "version": "6.5.5",
      "resolved": "https://registry.npmjs.org/@pixi/sprite/-/sprite-6.5.5.tgz",
      "integrity": "sha512-s8T5D4zoDgj9DWnPGSHoMwJ4uLs9CDp9cgfzTOhwIirqTeoajpywfNFS5RAFAyVCdh4ltSG2oujP8a86eWF0+A==",
      "requires": {}
    },
    "@pixi/sprite-animated": {
      "version": "6.5.5",
      "resolved": "https://registry.npmjs.org/@pixi/sprite-animated/-/sprite-animated-6.5.5.tgz",
      "integrity": "sha512-pvjeOkMrlbvKKO4ZDRKdO97ZKt2LUfLNUCfjU+PyEgJww/6vWeY9IQj89fc2QXGPOYIGrZeT8AuYqPCtJMktHw==",
      "requires": {}
    },
    "@pixi/sprite-tiling": {
      "version": "6.5.5",
      "resolved": "https://registry.npmjs.org/@pixi/sprite-tiling/-/sprite-tiling-6.5.5.tgz",
      "integrity": "sha512-noxIGDvsq5tmINElqjcCnfFofY5CRTWOgLPyL9vI2zk1QhTBW5T/XHENoWFWyuCZgFkEdI1BcO1Yug0q6u+OgQ==",
      "requires": {}
    },
    "@pixi/spritesheet": {
      "version": "6.5.5",
      "resolved": "https://registry.npmjs.org/@pixi/spritesheet/-/spritesheet-6.5.5.tgz",
      "integrity": "sha512-LCfR1iVYSh0pJUM+PDP/FcP45AV6II3zkt8ojtHHcgsDN1qeggbmIEJ/ohvSMLSpKcLHYXv984wu0wp/fB6NdA==",
      "requires": {}
    },
    "@pixi/text": {
      "version": "6.5.5",
      "resolved": "https://registry.npmjs.org/@pixi/text/-/text-6.5.5.tgz",
      "integrity": "sha512-u33ESpNqtZ4IaBiQkq5BT2KeQYcqokfr5VNatYXIMO8jbHktm0Lwqca9pdr+GhS2/DUyyiRfCmNaPHoabjPo6Q==",
      "requires": {}
    },
    "@pixi/text-bitmap": {
      "version": "6.5.5",
      "resolved": "https://registry.npmjs.org/@pixi/text-bitmap/-/text-bitmap-6.5.5.tgz",
      "integrity": "sha512-nMi7lb3sYAnPPZ9jF/DxmOo0rjh8/Xmc0YYslagvqFJSlowcF+N9HjMOO5WKyP1OBa/gGrpwrLp9FTmdV4T+MQ==",
      "requires": {}
    },
    "@pixi/ticker": {
      "version": "6.5.5",
      "resolved": "https://registry.npmjs.org/@pixi/ticker/-/ticker-6.5.5.tgz",
      "integrity": "sha512-S/LALaHQJTldEpFqgAUgi/fc6/XnDUg5k0DXJLfWT2p1hzuo8q009Izpi/wxd4hPZiOlViQtWyrstjMtrQz2AQ==",
      "requires": {}
    },
    "@pixi/utils": {
      "version": "6.5.5",
      "resolved": "https://registry.npmjs.org/@pixi/utils/-/utils-6.5.5.tgz",
      "integrity": "sha512-QtcRR+/Y/F49rQ1vVLsc6dMoLLyLTIJxHDSHxYvlGpQWZG+mRvaWYPZZwFgjdCKzzft1RiwkXI2vL4Zxqfg9CQ==",
      "requires": {
        "@types/earcut": "^2.1.0",
        "earcut": "^2.2.4",
        "eventemitter3": "^3.1.0",
        "url": "^0.11.0"
      }
    },
    "@types/earcut": {
      "version": "2.1.1",
      "resolved": "https://registry.npmjs.org/@types/earcut/-/earcut-2.1.1.tgz",
      "integrity": "sha512-w8oigUCDjElRHRRrMvn/spybSMyX8MTkKA5Dv+tS1IE/TgmNZPqUYtvYBXGY8cieSE66gm+szeK+bnbxC2xHTQ=="
    },
    "@types/offscreencanvas": {
      "version": "2019.7.0",
      "resolved": "https://registry.npmjs.org/@types/offscreencanvas/-/offscreencanvas-2019.7.0.tgz",
      "integrity": "sha512-PGcyveRIpL1XIqK8eBsmRBt76eFgtzuPiSTyKHZxnGemp2yzGzWpjYKAfK3wIMiU7eH+851yEpiuP8JZerTmWg=="
    },
    "earcut": {
      "version": "2.2.4",
      "resolved": "https://registry.npmjs.org/earcut/-/earcut-2.2.4.tgz",
      "integrity": "sha512-/pjZsA1b4RPHbeWZQn66SWS8nZZWLQQ23oE3Eam7aroEFGEvwKAsJfZ9ytiEMycfzXWpca4FA9QIOehf7PocBQ=="
    },
    "eventemitter3": {
      "version": "3.1.2",
      "resolved": "https://registry.npmjs.org/eventemitter3/-/eventemitter3-3.1.2.tgz",
      "integrity": "sha512-tvtQIeLVHjDkJYnzf2dgVMxfuSGJeM/7UCG17TT4EumTfNtF+0nebF/4zWOIkCreAbtNqhGEboB6BWrwqNaw4Q=="
    },
    "object-assign": {
      "version": "4.1.1",
      "resolved": "https://registry.npmjs.org/object-assign/-/object-assign-4.1.1.tgz",
      "integrity": "sha512-rJgTQnkUnH1sFw8yT6VSU3zD3sWmu6sZhIseY8VX+GRu3P6F7Fu+JNDoXfklElbLJSnc3FUQHVe4cU5hj+BcUg=="
    },
    "pixi.js": {
      "version": "6.5.5",
      "resolved": "https://registry.npmjs.org/pixi.js/-/pixi.js-6.5.5.tgz",
      "integrity": "sha512-SfvUFl0RNnuELbU4IschzWGPSP1yRidEffQlbHnsXY1xvaCE7MG5snQzlufzAyiyiwRID1I5plSKtVjNvZfk9Q==",
      "requires": {
        "@pixi/accessibility": "6.5.5",
        "@pixi/app": "6.5.5",
        "@pixi/compressed-textures": "6.5.5",
        "@pixi/constants": "6.5.5",
        "@pixi/core": "6.5.5",
        "@pixi/display": "6.5.5",
        "@pixi/extensions": "6.5.5",
        "@pixi/extract": "6.5.5",
        "@pixi/filter-alpha": "6.5.5",
        "@pixi/filter-blur": "6.5.5",
        "@pixi/filter-color-matrix": "6.5.5",
        "@pixi/filter-displacement": "6.5.5",
        "@pixi/filter-fxaa": "6.5.5",
        "@pixi/filter-noise": "6.5.5",
        "@pixi/graphics": "6.5.5",
        "@pixi/interaction": "6.5.5",
        "@pixi/loaders": "6.5.5",
        "@pixi/math": "6.5.5",
        "@pixi/mesh": "6.5.5",
        "@pixi/mesh-extras": "6.5.5",
        "@pixi/mixin-cache-as-bitmap": "6.5.5",
        "@pixi/mixin-get-child-by-name": "6.5.5",
        "@pixi/mixin-get-global-position": "6.5.5",
        "@pixi/particle-container": "6.5.5",
        "@pixi/polyfill": "6.5.5",
        "@pixi/prepare": "6.5.5",
        "@pixi/runner": "6.5.5",
        "@pixi/settings": "6.5.5",
        "@pixi/sprite": "6.5.5",
        "@pixi/sprite-animated": "6.5.5",
        "@pixi/sprite-tiling": "6.5.5",
        "@pixi/spritesheet": "6.5.5",
        "@pixi/text": "6.5.5",
        "@pixi/text-bitmap": "6.5.5",
        "@pixi/ticker": "6.5.5",
        "@pixi/utils": "6.5.5"
      }
    },
    "promise-polyfill": {
      "version": "8.2.3",
      "resolved": "https://registry.npmjs.org/promise-polyfill/-/promise-polyfill-8.2.3.tgz",
      "integrity": "sha512-Og0+jCRQetV84U8wVjMNccfGCnMQ9mGs9Hv78QFe+pSDD3gWTpz0y+1QCuxy5d/vBFuZ3iwP2eycAkvqIMPmWg=="
    },
    "punycode": {
      "version": "1.3.2",
      "resolved": "https://registry.npmjs.org/punycode/-/punycode-1.3.2.tgz",
      "integrity": "sha512-RofWgt/7fL5wP1Y7fxE7/EmTLzQVnB0ycyibJ0OOHIlJqTNzglYFxVwETOcIoJqJmpDXJ9xImDv+Fq34F/d4Dw=="
    },
    "querystring": {
      "version": "0.2.0",
      "resolved": "https://registry.npmjs.org/querystring/-/querystring-0.2.0.tgz",
      "integrity": "sha512-X/xY82scca2tau62i9mDyU9K+I+djTMUsvwf7xnUX5GLvVzgJybOJf4Y6o9Zx3oJK/LSXg5tTZBjwzqVPaPO2g=="
    },
    "url": {
      "version": "0.11.0",
      "resolved": "https://registry.npmjs.org/url/-/url-0.11.0.tgz",
      "integrity": "sha512-kbailJa29QrtXnxgq+DdCEGlbTeYM2eJUxsz6vjZavrCYPMIFHMKQmSKYAIuUK2i7hgPm28a8piX5NTUtM/LKQ==",
      "requires": {
        "punycode": "1.3.2",
        "querystring": "0.2.0"
      }
    }
  }
}
